// !$*UTF8*$!
{
	archiveVersion = 1;
	classes = {
	};
	objectVersion = 50;
	objects = {

/* Begin PBXBuildFile section */
		1E4C9E8D242808C80079E0C5 /* Data+Extension.swift in Sources */ = {isa = PBXBuildFile; fileRef = 1E4C9E8C242808C80079E0C5 /* Data+Extension.swift */; };
		1E550CCA2427D77B0016B912 /* AppDelegate.swift in Sources */ = {isa = PBXBuildFile; fileRef = 1E550CC92427D77B0016B912 /* AppDelegate.swift */; };
		1E550CD32427D77D0016B912 /* Assets.xcassets in Resources */ = {isa = PBXBuildFile; fileRef = 1E550CD22427D77D0016B912 /* Assets.xcassets */; };
		1E550CD62427D77D0016B912 /* LaunchScreen.storyboard in Resources */ = {isa = PBXBuildFile; fileRef = 1E550CD42427D77D0016B912 /* LaunchScreen.storyboard */; };
		1E550CE12427D77D0016B912 /* Reddit_TopTests.swift in Sources */ = {isa = PBXBuildFile; fileRef = 1E550CE02427D77D0016B912 /* Reddit_TopTests.swift */; };
		1E550CEC2427D77D0016B912 /* Reddit_TopUITests.swift in Sources */ = {isa = PBXBuildFile; fileRef = 1E550CEB2427D77D0016B912 /* Reddit_TopUITests.swift */; };
		1E550CFA2427DEFD0016B912 /* AppRoot.swift in Sources */ = {isa = PBXBuildFile; fileRef = 1E550CF92427DEFD0016B912 /* AppRoot.swift */; };
		1E550CFC2427DF5D0016B912 /* AppCoordinator.swift in Sources */ = {isa = PBXBuildFile; fileRef = 1E550CFB2427DF5D0016B912 /* AppCoordinator.swift */; };
		1E550D062427E39C0016B912 /* BaseCoordinator.swift in Sources */ = {isa = PBXBuildFile; fileRef = 1E550D052427E39C0016B912 /* BaseCoordinator.swift */; };
		1E550D082427E3A80016B912 /* Coordinator.swift in Sources */ = {isa = PBXBuildFile; fileRef = 1E550D072427E3A80016B912 /* Coordinator.swift */; };
		1E550D0B2427E4760016B912 /* MainCoordinator.swift in Sources */ = {isa = PBXBuildFile; fileRef = 1E550D0A2427E4760016B912 /* MainCoordinator.swift */; };
		1E550D0E2427EB750016B912 /* MainViewController.swift in Sources */ = {isa = PBXBuildFile; fileRef = 1E550D0D2427EB750016B912 /* MainViewController.swift */; };
		1E550D152427ECD90016B912 /* UIWindow+Extension.swift in Sources */ = {isa = PBXBuildFile; fileRef = 1E550D142427ECD90016B912 /* UIWindow+Extension.swift */; };
		1E550D192427F07D0016B912 /* NetworkCore.swift in Sources */ = {isa = PBXBuildFile; fileRef = 1E550D182427F07D0016B912 /* NetworkCore.swift */; };
		1E550D1E2427F09E0016B912 /* BaseWrapperEntity.swift in Sources */ = {isa = PBXBuildFile; fileRef = 1E550D1D2427F09E0016B912 /* BaseWrapperEntity.swift */; };
		1E550D272427F95A0016B912 /* JSONDecoder+Extension.swift in Sources */ = {isa = PBXBuildFile; fileRef = 1E550D262427F95A0016B912 /* JSONDecoder+Extension.swift */; };
		1E550D292427F9760016B912 /* NSObject+Extension.swift in Sources */ = {isa = PBXBuildFile; fileRef = 1E550D282427F9760016B912 /* NSObject+Extension.swift */; };
		1E550D2C2427F9A70016B912 /* Configurable.swift in Sources */ = {isa = PBXBuildFile; fileRef = 1E550D2B2427F9A70016B912 /* Configurable.swift */; };
		1E550D2F2427F9F30016B912 /* NetworkParser.swift in Sources */ = {isa = PBXBuildFile; fileRef = 1E550D2E2427F9F30016B912 /* NetworkParser.swift */; };
		1E550D312427FA110016B912 /* NetworkParseError.swift in Sources */ = {isa = PBXBuildFile; fileRef = 1E550D302427FA110016B912 /* NetworkParseError.swift */; };
		1E550D332427FAC80016B912 /* RequestBuilder.swift in Sources */ = {isa = PBXBuildFile; fileRef = 1E550D322427FAC80016B912 /* RequestBuilder.swift */; };
		1E550D352427FC380016B912 /* NetworkEndpoint.swift in Sources */ = {isa = PBXBuildFile; fileRef = 1E550D342427FC380016B912 /* NetworkEndpoint.swift */; };
		1E550D372427FC4A0016B912 /* NetworkEndpointProtocol.swift in Sources */ = {isa = PBXBuildFile; fileRef = 1E550D362427FC4A0016B912 /* NetworkEndpointProtocol.swift */; };
		1E550D392427FC590016B912 /* RequestMethod.swift in Sources */ = {isa = PBXBuildFile; fileRef = 1E550D382427FC590016B912 /* RequestMethod.swift */; };
		1E885107242A3CA5000B0DA0 /* MainView.swift in Sources */ = {isa = PBXBuildFile; fileRef = 1E885106242A3CA5000B0DA0 /* MainView.swift */; };
		1E885109242A3D1C000B0DA0 /* UIView+Extension.swift in Sources */ = {isa = PBXBuildFile; fileRef = 1E885108242A3D1C000B0DA0 /* UIView+Extension.swift */; };
		1E88510B242A3DFD000B0DA0 /* MainViewModel.swift in Sources */ = {isa = PBXBuildFile; fileRef = 1E88510A242A3DFD000B0DA0 /* MainViewModel.swift */; };
		1E88510E242A4E91000B0DA0 /* PostEntity.swift in Sources */ = {isa = PBXBuildFile; fileRef = 1E88510D242A4E91000B0DA0 /* PostEntity.swift */; };
		1E885110242A4EB4000B0DA0 /* MainCellData.swift in Sources */ = {isa = PBXBuildFile; fileRef = 1E88510F242A4EB4000B0DA0 /* MainCellData.swift */; };
		1E885112242A4EFE000B0DA0 /* PostTableCell.swift in Sources */ = {isa = PBXBuildFile; fileRef = 1E885111242A4EFE000B0DA0 /* PostTableCell.swift */; };
		1E885116242A53EF000B0DA0 /* Label.swift in Sources */ = {isa = PBXBuildFile; fileRef = 1E885115242A53EF000B0DA0 /* Label.swift */; };
		1E885118242A5644000B0DA0 /* UserBarView.swift in Sources */ = {isa = PBXBuildFile; fileRef = 1E885117242A5644000B0DA0 /* UserBarView.swift */; };
		1E88511B242A6258000B0DA0 /* PostContentView.swift in Sources */ = {isa = PBXBuildFile; fileRef = 1E88511A242A6258000B0DA0 /* PostContentView.swift */; };
		1E88511D242A6484000B0DA0 /* MainDataFetch.swift in Sources */ = {isa = PBXBuildFile; fileRef = 1E88511C242A6484000B0DA0 /* MainDataFetch.swift */; };
		1E885120242A64A9000B0DA0 /* PostNetworkService.swift in Sources */ = {isa = PBXBuildFile; fileRef = 1E88511F242A64A9000B0DA0 /* PostNetworkService.swift */; };
		1E885122242A65D2000B0DA0 /* BaseMetaEntity.swift in Sources */ = {isa = PBXBuildFile; fileRef = 1E885121242A65D2000B0DA0 /* BaseMetaEntity.swift */; };
		1E885124242A693D000B0DA0 /* RedditPostCildrenEntity.swift in Sources */ = {isa = PBXBuildFile; fileRef = 1E885123242A693D000B0DA0 /* RedditPostCildrenEntity.swift */; };
		1E885127242A7A38000B0DA0 /* Color.swift in Sources */ = {isa = PBXBuildFile; fileRef = 1E885126242A7A38000B0DA0 /* Color.swift */; };
/* End PBXBuildFile section */

/* Begin PBXContainerItemProxy section */
		1E550CDD2427D77D0016B912 /* PBXContainerItemProxy */ = {
			isa = PBXContainerItemProxy;
			containerPortal = 1E550CBE2427D77B0016B912 /* Project object */;
			proxyType = 1;
			remoteGlobalIDString = 1E550CC52427D77B0016B912;
			remoteInfo = "Reddit Top";
		};
		1E550CE82427D77D0016B912 /* PBXContainerItemProxy */ = {
			isa = PBXContainerItemProxy;
			containerPortal = 1E550CBE2427D77B0016B912 /* Project object */;
			proxyType = 1;
			remoteGlobalIDString = 1E550CC52427D77B0016B912;
			remoteInfo = "Reddit Top";
		};
/* End PBXContainerItemProxy section */

/* Begin PBXFileReference section */
		1E4C9E8C242808C80079E0C5 /* Data+Extension.swift */ = {isa = PBXFileReference; lastKnownFileType = sourcecode.swift; path = "Data+Extension.swift"; sourceTree = "<group>"; };
		1E550CC62427D77B0016B912 /* Reddit Top.app */ = {isa = PBXFileReference; explicitFileType = wrapper.application; includeInIndex = 0; path = "Reddit Top.app"; sourceTree = BUILT_PRODUCTS_DIR; };
		1E550CC92427D77B0016B912 /* AppDelegate.swift */ = {isa = PBXFileReference; lastKnownFileType = sourcecode.swift; path = AppDelegate.swift; sourceTree = "<group>"; };
		1E550CD22427D77D0016B912 /* Assets.xcassets */ = {isa = PBXFileReference; lastKnownFileType = folder.assetcatalog; path = Assets.xcassets; sourceTree = "<group>"; };
		1E550CD52427D77D0016B912 /* Base */ = {isa = PBXFileReference; lastKnownFileType = file.storyboard; name = Base; path = Base.lproj/LaunchScreen.storyboard; sourceTree = "<group>"; };
		1E550CD72427D77D0016B912 /* Info.plist */ = {isa = PBXFileReference; lastKnownFileType = text.plist.xml; path = Info.plist; sourceTree = "<group>"; };
		1E550CDC2427D77D0016B912 /* Reddit TopTests.xctest */ = {isa = PBXFileReference; explicitFileType = wrapper.cfbundle; includeInIndex = 0; path = "Reddit TopTests.xctest"; sourceTree = BUILT_PRODUCTS_DIR; };
		1E550CE02427D77D0016B912 /* Reddit_TopTests.swift */ = {isa = PBXFileReference; lastKnownFileType = sourcecode.swift; path = Reddit_TopTests.swift; sourceTree = "<group>"; };
		1E550CE22427D77D0016B912 /* Info.plist */ = {isa = PBXFileReference; lastKnownFileType = text.plist.xml; path = Info.plist; sourceTree = "<group>"; };
		1E550CE72427D77D0016B912 /* Reddit TopUITests.xctest */ = {isa = PBXFileReference; explicitFileType = wrapper.cfbundle; includeInIndex = 0; path = "Reddit TopUITests.xctest"; sourceTree = BUILT_PRODUCTS_DIR; };
		1E550CEB2427D77D0016B912 /* Reddit_TopUITests.swift */ = {isa = PBXFileReference; lastKnownFileType = sourcecode.swift; path = Reddit_TopUITests.swift; sourceTree = "<group>"; };
		1E550CED2427D77D0016B912 /* Info.plist */ = {isa = PBXFileReference; lastKnownFileType = text.plist.xml; path = Info.plist; sourceTree = "<group>"; };
		1E550CF92427DEFD0016B912 /* AppRoot.swift */ = {isa = PBXFileReference; lastKnownFileType = sourcecode.swift; path = AppRoot.swift; sourceTree = "<group>"; };
		1E550CFB2427DF5D0016B912 /* AppCoordinator.swift */ = {isa = PBXFileReference; lastKnownFileType = sourcecode.swift; path = AppCoordinator.swift; sourceTree = "<group>"; };
		1E550D052427E39C0016B912 /* BaseCoordinator.swift */ = {isa = PBXFileReference; lastKnownFileType = sourcecode.swift; path = BaseCoordinator.swift; sourceTree = "<group>"; };
		1E550D072427E3A80016B912 /* Coordinator.swift */ = {isa = PBXFileReference; lastKnownFileType = sourcecode.swift; path = Coordinator.swift; sourceTree = "<group>"; };
		1E550D0A2427E4760016B912 /* MainCoordinator.swift */ = {isa = PBXFileReference; lastKnownFileType = sourcecode.swift; path = MainCoordinator.swift; sourceTree = "<group>"; };
		1E550D0D2427EB750016B912 /* MainViewController.swift */ = {isa = PBXFileReference; lastKnownFileType = sourcecode.swift; path = MainViewController.swift; sourceTree = "<group>"; };
		1E550D142427ECD90016B912 /* UIWindow+Extension.swift */ = {isa = PBXFileReference; lastKnownFileType = sourcecode.swift; path = "UIWindow+Extension.swift"; sourceTree = "<group>"; };
		1E550D182427F07D0016B912 /* NetworkCore.swift */ = {isa = PBXFileReference; lastKnownFileType = sourcecode.swift; path = NetworkCore.swift; sourceTree = "<group>"; };
		1E550D1D2427F09E0016B912 /* BaseWrapperEntity.swift */ = {isa = PBXFileReference; lastKnownFileType = sourcecode.swift; path = BaseWrapperEntity.swift; sourceTree = "<group>"; };
		1E550D262427F95A0016B912 /* JSONDecoder+Extension.swift */ = {isa = PBXFileReference; lastKnownFileType = sourcecode.swift; path = "JSONDecoder+Extension.swift"; sourceTree = "<group>"; };
		1E550D282427F9760016B912 /* NSObject+Extension.swift */ = {isa = PBXFileReference; lastKnownFileType = sourcecode.swift; path = "NSObject+Extension.swift"; sourceTree = "<group>"; };
		1E550D2B2427F9A70016B912 /* Configurable.swift */ = {isa = PBXFileReference; lastKnownFileType = sourcecode.swift; path = Configurable.swift; sourceTree = "<group>"; };
		1E550D2E2427F9F30016B912 /* NetworkParser.swift */ = {isa = PBXFileReference; lastKnownFileType = sourcecode.swift; path = NetworkParser.swift; sourceTree = "<group>"; };
		1E550D302427FA110016B912 /* NetworkParseError.swift */ = {isa = PBXFileReference; lastKnownFileType = sourcecode.swift; path = NetworkParseError.swift; sourceTree = "<group>"; };
		1E550D322427FAC80016B912 /* RequestBuilder.swift */ = {isa = PBXFileReference; lastKnownFileType = sourcecode.swift; path = RequestBuilder.swift; sourceTree = "<group>"; };
		1E550D342427FC380016B912 /* NetworkEndpoint.swift */ = {isa = PBXFileReference; lastKnownFileType = sourcecode.swift; path = NetworkEndpoint.swift; sourceTree = "<group>"; };
		1E550D362427FC4A0016B912 /* NetworkEndpointProtocol.swift */ = {isa = PBXFileReference; lastKnownFileType = sourcecode.swift; path = NetworkEndpointProtocol.swift; sourceTree = "<group>"; };
		1E550D382427FC590016B912 /* RequestMethod.swift */ = {isa = PBXFileReference; lastKnownFileType = sourcecode.swift; path = RequestMethod.swift; sourceTree = "<group>"; };
		1E885106242A3CA5000B0DA0 /* MainView.swift */ = {isa = PBXFileReference; lastKnownFileType = sourcecode.swift; path = MainView.swift; sourceTree = "<group>"; };
		1E885108242A3D1C000B0DA0 /* UIView+Extension.swift */ = {isa = PBXFileReference; lastKnownFileType = sourcecode.swift; path = "UIView+Extension.swift"; sourceTree = "<group>"; };
		1E88510A242A3DFD000B0DA0 /* MainViewModel.swift */ = {isa = PBXFileReference; lastKnownFileType = sourcecode.swift; path = MainViewModel.swift; sourceTree = "<group>"; };
		1E88510D242A4E91000B0DA0 /* PostEntity.swift */ = {isa = PBXFileReference; lastKnownFileType = sourcecode.swift; path = PostEntity.swift; sourceTree = "<group>"; };
		1E88510F242A4EB4000B0DA0 /* MainCellData.swift */ = {isa = PBXFileReference; lastKnownFileType = sourcecode.swift; path = MainCellData.swift; sourceTree = "<group>"; };
		1E885111242A4EFE000B0DA0 /* PostTableCell.swift */ = {isa = PBXFileReference; lastKnownFileType = sourcecode.swift; path = PostTableCell.swift; sourceTree = "<group>"; };
		1E885115242A53EF000B0DA0 /* Label.swift */ = {isa = PBXFileReference; lastKnownFileType = sourcecode.swift; path = Label.swift; sourceTree = "<group>"; };
		1E885117242A5644000B0DA0 /* UserBarView.swift */ = {isa = PBXFileReference; lastKnownFileType = sourcecode.swift; path = UserBarView.swift; sourceTree = "<group>"; };
		1E88511A242A6258000B0DA0 /* PostContentView.swift */ = {isa = PBXFileReference; lastKnownFileType = sourcecode.swift; path = PostContentView.swift; sourceTree = "<group>"; };
		1E88511C242A6484000B0DA0 /* MainDataFetch.swift */ = {isa = PBXFileReference; lastKnownFileType = sourcecode.swift; path = MainDataFetch.swift; sourceTree = "<group>"; };
		1E88511F242A64A9000B0DA0 /* PostNetworkService.swift */ = {isa = PBXFileReference; lastKnownFileType = sourcecode.swift; path = PostNetworkService.swift; sourceTree = "<group>"; };
		1E885121242A65D2000B0DA0 /* BaseMetaEntity.swift */ = {isa = PBXFileReference; lastKnownFileType = sourcecode.swift; path = BaseMetaEntity.swift; sourceTree = "<group>"; };
		1E885123242A693D000B0DA0 /* RedditPostCildrenEntity.swift */ = {isa = PBXFileReference; lastKnownFileType = sourcecode.swift; path = RedditPostCildrenEntity.swift; sourceTree = "<group>"; };
		1E885126242A7A38000B0DA0 /* Color.swift */ = {isa = PBXFileReference; lastKnownFileType = sourcecode.swift; path = Color.swift; sourceTree = "<group>"; };
/* End PBXFileReference section */

/* Begin PBXFrameworksBuildPhase section */
		1E550CC32427D77B0016B912 /* Frameworks */ = {
			isa = PBXFrameworksBuildPhase;
			buildActionMask = 2147483647;
			files = (
			);
			runOnlyForDeploymentPostprocessing = 0;
		};
		1E550CD92427D77D0016B912 /* Frameworks */ = {
			isa = PBXFrameworksBuildPhase;
			buildActionMask = 2147483647;
			files = (
			);
			runOnlyForDeploymentPostprocessing = 0;
		};
		1E550CE42427D77D0016B912 /* Frameworks */ = {
			isa = PBXFrameworksBuildPhase;
			buildActionMask = 2147483647;
			files = (
			);
			runOnlyForDeploymentPostprocessing = 0;
		};
/* End PBXFrameworksBuildPhase section */

/* Begin PBXGroup section */
		1E550CBD2427D77B0016B912 = {
			isa = PBXGroup;
			children = (
				1E550CC82427D77B0016B912 /* Reddit Top */,
				1E550CDF2427D77D0016B912 /* Reddit TopTests */,
				1E550CEA2427D77D0016B912 /* Reddit TopUITests */,
				1E550CC72427D77B0016B912 /* Products */,
			);
			sourceTree = "<group>";
		};
		1E550CC72427D77B0016B912 /* Products */ = {
			isa = PBXGroup;
			children = (
				1E550CC62427D77B0016B912 /* Reddit Top.app */,
				1E550CDC2427D77D0016B912 /* Reddit TopTests.xctest */,
				1E550CE72427D77D0016B912 /* Reddit TopUITests.xctest */,
			);
			name = Products;
			sourceTree = "<group>";
		};
		1E550CC82427D77B0016B912 /* Reddit Top */ = {
			isa = PBXGroup;
			children = (
				1E550CFE2427E3000016B912 /* Application */,
				1E550D162427EEEC0016B912 /* Resources */,
				1E550CFD2427E2A80016B912 /* Source */,
			);
			path = "Reddit Top";
			sourceTree = "<group>";
		};
		1E550CDF2427D77D0016B912 /* Reddit TopTests */ = {
			isa = PBXGroup;
			children = (
				1E550CE02427D77D0016B912 /* Reddit_TopTests.swift */,
				1E550CE22427D77D0016B912 /* Info.plist */,
			);
			path = "Reddit TopTests";
			sourceTree = "<group>";
		};
		1E550CEA2427D77D0016B912 /* Reddit TopUITests */ = {
			isa = PBXGroup;
			children = (
				1E550CEB2427D77D0016B912 /* Reddit_TopUITests.swift */,
				1E550CED2427D77D0016B912 /* Info.plist */,
			);
			path = "Reddit TopUITests";
			sourceTree = "<group>";
		};
		1E550CFD2427E2A80016B912 /* Source */ = {
			isa = PBXGroup;
			children = (
				1E550CFF2427E3290016B912 /* Modules */,
				1E550D0F2427ECA30016B912 /* Common */,
			);
			path = Source;
			sourceTree = "<group>";
		};
		1E550CFE2427E3000016B912 /* Application */ = {
			isa = PBXGroup;
			children = (
				1E550CC92427D77B0016B912 /* AppDelegate.swift */,
				1E550CFB2427DF5D0016B912 /* AppCoordinator.swift */,
				1E550CF92427DEFD0016B912 /* AppRoot.swift */,
			);
			path = Application;
			sourceTree = "<group>";
		};
		1E550CFF2427E3290016B912 /* Modules */ = {
			isa = PBXGroup;
			children = (
				1E550D092427E46D0016B912 /* Coordinators */,
				1E550D012427E3380016B912 /* UI */,
				1E550D022427E33D0016B912 /* Flows */,
				1E550D002427E32F0016B912 /* Base */,
			);
			path = Modules;
			sourceTree = "<group>";
		};
		1E550D002427E32F0016B912 /* Base */ = {
			isa = PBXGroup;
			children = (
				1E550D032427E35B0016B912 /* Coordinators */,
			);
			path = Base;
			sourceTree = "<group>";
		};
		1E550D012427E3380016B912 /* UI */ = {
			isa = PBXGroup;
			children = (
				1E885113242A53D7000B0DA0 /* Views */,
				1E88510C242A4E7A000B0DA0 /* TableCells */,
			);
			path = UI;
			sourceTree = "<group>";
		};
		1E550D022427E33D0016B912 /* Flows */ = {
			isa = PBXGroup;
			children = (
				1E550D0C2427EB660016B912 /* Main */,
			);
			path = Flows;
			sourceTree = "<group>";
		};
		1E550D032427E35B0016B912 /* Coordinators */ = {
			isa = PBXGroup;
			children = (
				1E550D052427E39C0016B912 /* BaseCoordinator.swift */,
				1E550D072427E3A80016B912 /* Coordinator.swift */,
			);
			path = Coordinators;
			sourceTree = "<group>";
		};
		1E550D092427E46D0016B912 /* Coordinators */ = {
			isa = PBXGroup;
			children = (
				1E550D0A2427E4760016B912 /* MainCoordinator.swift */,
			);
			path = Coordinators;
			sourceTree = "<group>";
		};
		1E550D0C2427EB660016B912 /* Main */ = {
			isa = PBXGroup;
			children = (
				1E550D0D2427EB750016B912 /* MainViewController.swift */,
				1E885106242A3CA5000B0DA0 /* MainView.swift */,
				1E88510A242A3DFD000B0DA0 /* MainViewModel.swift */,
				1E88510F242A4EB4000B0DA0 /* MainCellData.swift */,
				1E88511C242A6484000B0DA0 /* MainDataFetch.swift */,
			);
			path = Main;
			sourceTree = "<group>";
		};
		1E550D0F2427ECA30016B912 /* Common */ = {
			isa = PBXGroup;
			children = (
				1E885125242A7A2C000B0DA0 /* Constants */,
				1E550D2A2427F99C0016B912 /* Helpers */,
				1E550D222427F6280016B912 /* Builders */,
				1E550D1A2427F0830016B912 /* Entities */,
				1E550D172427F06D0016B912 /* Network */,
				1E550D122427ECC00016B912 /* Extensions */,
			);
			path = Common;
			sourceTree = "<group>";
		};
		1E550D122427ECC00016B912 /* Extensions */ = {
			isa = PBXGroup;
			children = (
				1E550D252427F92C0016B912 /* Foundation */,
				1E550D132427ECC80016B912 /* UIKit */,
			);
			path = Extensions;
			sourceTree = "<group>";
		};
		1E550D132427ECC80016B912 /* UIKit */ = {
			isa = PBXGroup;
			children = (
				1E550D142427ECD90016B912 /* UIWindow+Extension.swift */,
				1E885108242A3D1C000B0DA0 /* UIView+Extension.swift */,
			);
			path = UIKit;
			sourceTree = "<group>";
		};
		1E550D162427EEEC0016B912 /* Resources */ = {
			isa = PBXGroup;
			children = (
				1E550CD22427D77D0016B912 /* Assets.xcassets */,
				1E550CD42427D77D0016B912 /* LaunchScreen.storyboard */,
				1E550CD72427D77D0016B912 /* Info.plist */,
			);
			path = Resources;
			sourceTree = "<group>";
		};
		1E550D172427F06D0016B912 /* Network */ = {
			isa = PBXGroup;
			children = (
				1E88511E242A6499000B0DA0 /* Services */,
				1E550D182427F07D0016B912 /* NetworkCore.swift */,
				1E550D342427FC380016B912 /* NetworkEndpoint.swift */,
				1E550D362427FC4A0016B912 /* NetworkEndpointProtocol.swift */,
				1E550D382427FC590016B912 /* RequestMethod.swift */,
			);
			path = Network;
			sourceTree = "<group>";
		};
		1E550D1A2427F0830016B912 /* Entities */ = {
			isa = PBXGroup;
			children = (
				1E550D1D2427F09E0016B912 /* BaseWrapperEntity.swift */,
				1E88510D242A4E91000B0DA0 /* PostEntity.swift */,
				1E885121242A65D2000B0DA0 /* BaseMetaEntity.swift */,
				1E885123242A693D000B0DA0 /* RedditPostCildrenEntity.swift */,
			);
			path = Entities;
			sourceTree = "<group>";
		};
		1E550D222427F6280016B912 /* Builders */ = {
			isa = PBXGroup;
			children = (
				1E550D322427FAC80016B912 /* RequestBuilder.swift */,
			);
			path = Builders;
			sourceTree = "<group>";
		};
		1E550D252427F92C0016B912 /* Foundation */ = {
			isa = PBXGroup;
			children = (
				1E550D262427F95A0016B912 /* JSONDecoder+Extension.swift */,
				1E550D282427F9760016B912 /* NSObject+Extension.swift */,
				1E4C9E8C242808C80079E0C5 /* Data+Extension.swift */,
			);
			path = Foundation;
			sourceTree = "<group>";
		};
		1E550D2A2427F99C0016B912 /* Helpers */ = {
			isa = PBXGroup;
			children = (
				1E550D2D2427F9DB0016B912 /* NetworkParser */,
				1E550D2B2427F9A70016B912 /* Configurable.swift */,
			);
			path = Helpers;
			sourceTree = "<group>";
		};
		1E550D2D2427F9DB0016B912 /* NetworkParser */ = {
			isa = PBXGroup;
			children = (
				1E550D2E2427F9F30016B912 /* NetworkParser.swift */,
				1E550D302427FA110016B912 /* NetworkParseError.swift */,
			);
			path = NetworkParser;
			sourceTree = "<group>";
		};
		1E88510C242A4E7A000B0DA0 /* TableCells */ = {
			isa = PBXGroup;
			children = (
				1E885119242A622F000B0DA0 /* PostTableCell */,
			);
			path = TableCells;
			sourceTree = "<group>";
		};
		1E885113242A53D7000B0DA0 /* Views */ = {
			isa = PBXGroup;
			children = (
				1E885115242A53EF000B0DA0 /* Label.swift */,
				1E885117242A5644000B0DA0 /* UserBarView.swift */,
				1E88511A242A6258000B0DA0 /* PostContentView.swift */,
			);
			path = Views;
			sourceTree = "<group>";
		};
		1E885119242A622F000B0DA0 /* PostTableCell */ = {
			isa = PBXGroup;
			children = (
				1E885111242A4EFE000B0DA0 /* PostTableCell.swift */,
			);
			path = PostTableCell;
			sourceTree = "<group>";
		};
		1E88511E242A6499000B0DA0 /* Services */ = {
			isa = PBXGroup;
			children = (
				1E88511F242A64A9000B0DA0 /* PostNetworkService.swift */,
			);
			path = Services;
			sourceTree = "<group>";
		};
		1E885125242A7A2C000B0DA0 /* Constants */ = {
			isa = PBXGroup;
			children = (
				1E885126242A7A38000B0DA0 /* Color.swift */,
			);
			path = Constants;
			sourceTree = "<group>";
		};
/* End PBXGroup section */

/* Begin PBXNativeTarget section */
		1E550CC52427D77B0016B912 /* Reddit Top */ = {
			isa = PBXNativeTarget;
			buildConfigurationList = 1E550CF02427D77D0016B912 /* Build configuration list for PBXNativeTarget "Reddit Top" */;
			buildPhases = (
				1E550CC22427D77B0016B912 /* Sources */,
				1E550CC32427D77B0016B912 /* Frameworks */,
				1E550CC42427D77B0016B912 /* Resources */,
			);
			buildRules = (
			);
			dependencies = (
			);
			name = "Reddit Top";
			productName = "Reddit Top";
			productReference = 1E550CC62427D77B0016B912 /* Reddit Top.app */;
			productType = "com.apple.product-type.application";
		};
		1E550CDB2427D77D0016B912 /* Reddit TopTests */ = {
			isa = PBXNativeTarget;
			buildConfigurationList = 1E550CF32427D77D0016B912 /* Build configuration list for PBXNativeTarget "Reddit TopTests" */;
			buildPhases = (
				1E550CD82427D77D0016B912 /* Sources */,
				1E550CD92427D77D0016B912 /* Frameworks */,
				1E550CDA2427D77D0016B912 /* Resources */,
			);
			buildRules = (
			);
			dependencies = (
				1E550CDE2427D77D0016B912 /* PBXTargetDependency */,
			);
			name = "Reddit TopTests";
			productName = "Reddit TopTests";
			productReference = 1E550CDC2427D77D0016B912 /* Reddit TopTests.xctest */;
			productType = "com.apple.product-type.bundle.unit-test";
		};
		1E550CE62427D77D0016B912 /* Reddit TopUITests */ = {
			isa = PBXNativeTarget;
			buildConfigurationList = 1E550CF62427D77D0016B912 /* Build configuration list for PBXNativeTarget "Reddit TopUITests" */;
			buildPhases = (
				1E550CE32427D77D0016B912 /* Sources */,
				1E550CE42427D77D0016B912 /* Frameworks */,
				1E550CE52427D77D0016B912 /* Resources */,
			);
			buildRules = (
			);
			dependencies = (
				1E550CE92427D77D0016B912 /* PBXTargetDependency */,
			);
			name = "Reddit TopUITests";
			productName = "Reddit TopUITests";
			productReference = 1E550CE72427D77D0016B912 /* Reddit TopUITests.xctest */;
			productType = "com.apple.product-type.bundle.ui-testing";
		};
/* End PBXNativeTarget section */

/* Begin PBXProject section */
		1E550CBE2427D77B0016B912 /* Project object */ = {
			isa = PBXProject;
			attributes = {
				LastSwiftUpdateCheck = 1130;
				LastUpgradeCheck = 1130;
				ORGANIZATIONNAME = Redevua;
				TargetAttributes = {
					1E550CC52427D77B0016B912 = {
						CreatedOnToolsVersion = 11.3.1;
					};
					1E550CDB2427D77D0016B912 = {
						CreatedOnToolsVersion = 11.3.1;
						TestTargetID = 1E550CC52427D77B0016B912;
					};
					1E550CE62427D77D0016B912 = {
						CreatedOnToolsVersion = 11.3.1;
						TestTargetID = 1E550CC52427D77B0016B912;
					};
				};
			};
			buildConfigurationList = 1E550CC12427D77B0016B912 /* Build configuration list for PBXProject "Reddit Top" */;
			compatibilityVersion = "Xcode 9.3";
			developmentRegion = en;
			hasScannedForEncodings = 0;
			knownRegions = (
				en,
				Base,
			);
			mainGroup = 1E550CBD2427D77B0016B912;
			productRefGroup = 1E550CC72427D77B0016B912 /* Products */;
			projectDirPath = "";
			projectRoot = "";
			targets = (
				1E550CC52427D77B0016B912 /* Reddit Top */,
				1E550CDB2427D77D0016B912 /* Reddit TopTests */,
				1E550CE62427D77D0016B912 /* Reddit TopUITests */,
			);
		};
/* End PBXProject section */

/* Begin PBXResourcesBuildPhase section */
		1E550CC42427D77B0016B912 /* Resources */ = {
			isa = PBXResourcesBuildPhase;
			buildActionMask = 2147483647;
			files = (
				1E550CD62427D77D0016B912 /* LaunchScreen.storyboard in Resources */,
				1E550CD32427D77D0016B912 /* Assets.xcassets in Resources */,
			);
			runOnlyForDeploymentPostprocessing = 0;
		};
		1E550CDA2427D77D0016B912 /* Resources */ = {
			isa = PBXResourcesBuildPhase;
			buildActionMask = 2147483647;
			files = (
			);
			runOnlyForDeploymentPostprocessing = 0;
		};
		1E550CE52427D77D0016B912 /* Resources */ = {
			isa = PBXResourcesBuildPhase;
			buildActionMask = 2147483647;
			files = (
			);
			runOnlyForDeploymentPostprocessing = 0;
		};
/* End PBXResourcesBuildPhase section */

/* Begin PBXSourcesBuildPhase section */
		1E550CC22427D77B0016B912 /* Sources */ = {
			isa = PBXSourcesBuildPhase;
			buildActionMask = 2147483647;
			files = (
				1E550D2C2427F9A70016B912 /* Configurable.swift in Sources */,
				1E885124242A693D000B0DA0 /* RedditPostCildrenEntity.swift in Sources */,
				1E550D272427F95A0016B912 /* JSONDecoder+Extension.swift in Sources */,
				1E885110242A4EB4000B0DA0 /* MainCellData.swift in Sources */,
				1E550D332427FAC80016B912 /* RequestBuilder.swift in Sources */,
				1E88510E242A4E91000B0DA0 /* PostEntity.swift in Sources */,
				1E550D392427FC590016B912 /* RequestMethod.swift in Sources */,
				1E550D062427E39C0016B912 /* BaseCoordinator.swift in Sources */,
				1E550D372427FC4A0016B912 /* NetworkEndpointProtocol.swift in Sources */,
				1E885107242A3CA5000B0DA0 /* MainView.swift in Sources */,
				1E4C9E8D242808C80079E0C5 /* Data+Extension.swift in Sources */,
				1E550D2F2427F9F30016B912 /* NetworkParser.swift in Sources */,
				1E88511B242A6258000B0DA0 /* PostContentView.swift in Sources */,
				1E885109242A3D1C000B0DA0 /* UIView+Extension.swift in Sources */,
				1E885112242A4EFE000B0DA0 /* PostTableCell.swift in Sources */,
				1E550D152427ECD90016B912 /* UIWindow+Extension.swift in Sources */,
				1E550D292427F9760016B912 /* NSObject+Extension.swift in Sources */,
				1E88511D242A6484000B0DA0 /* MainDataFetch.swift in Sources */,
				1E550D312427FA110016B912 /* NetworkParseError.swift in Sources */,
				1E550CFA2427DEFD0016B912 /* AppRoot.swift in Sources */,
				1E885120242A64A9000B0DA0 /* PostNetworkService.swift in Sources */,
				1E885127242A7A38000B0DA0 /* Color.swift in Sources */,
				1E885122242A65D2000B0DA0 /* BaseMetaEntity.swift in Sources */,
				1E550CFC2427DF5D0016B912 /* AppCoordinator.swift in Sources */,
				1E550CCA2427D77B0016B912 /* AppDelegate.swift in Sources */,
				1E550D0B2427E4760016B912 /* MainCoordinator.swift in Sources */,
				1E550D082427E3A80016B912 /* Coordinator.swift in Sources */,
				1E550D192427F07D0016B912 /* NetworkCore.swift in Sources */,
				1E550D352427FC380016B912 /* NetworkEndpoint.swift in Sources */,
				1E550D0E2427EB750016B912 /* MainViewController.swift in Sources */,
				1E885118242A5644000B0DA0 /* UserBarView.swift in Sources */,
				1E550D1E2427F09E0016B912 /* BaseWrapperEntity.swift in Sources */,
				1E88510B242A3DFD000B0DA0 /* MainViewModel.swift in Sources */,
				1E885116242A53EF000B0DA0 /* Label.swift in Sources */,
			);
			runOnlyForDeploymentPostprocessing = 0;
		};
		1E550CD82427D77D0016B912 /* Sources */ = {
			isa = PBXSourcesBuildPhase;
			buildActionMask = 2147483647;
			files = (
				1E550CE12427D77D0016B912 /* Reddit_TopTests.swift in Sources */,
			);
			runOnlyForDeploymentPostprocessing = 0;
		};
		1E550CE32427D77D0016B912 /* Sources */ = {
			isa = PBXSourcesBuildPhase;
			buildActionMask = 2147483647;
			files = (
				1E550CEC2427D77D0016B912 /* Reddit_TopUITests.swift in Sources */,
			);
			runOnlyForDeploymentPostprocessing = 0;
		};
/* End PBXSourcesBuildPhase section */

/* Begin PBXTargetDependency section */
		1E550CDE2427D77D0016B912 /* PBXTargetDependency */ = {
			isa = PBXTargetDependency;
			target = 1E550CC52427D77B0016B912 /* Reddit Top */;
			targetProxy = 1E550CDD2427D77D0016B912 /* PBXContainerItemProxy */;
		};
		1E550CE92427D77D0016B912 /* PBXTargetDependency */ = {
			isa = PBXTargetDependency;
			target = 1E550CC52427D77B0016B912 /* Reddit Top */;
			targetProxy = 1E550CE82427D77D0016B912 /* PBXContainerItemProxy */;
		};
/* End PBXTargetDependency section */

/* Begin PBXVariantGroup section */
		1E550CD42427D77D0016B912 /* LaunchScreen.storyboard */ = {
			isa = PBXVariantGroup;
			children = (
				1E550CD52427D77D0016B912 /* Base */,
			);
			name = LaunchScreen.storyboard;
			sourceTree = "<group>";
		};
/* End PBXVariantGroup section */

/* Begin XCBuildConfiguration section */
		1E550CEE2427D77D0016B912 /* Debug */ = {
			isa = XCBuildConfiguration;
			buildSettings = {
				ALWAYS_SEARCH_USER_PATHS = NO;
				CLANG_ANALYZER_NONNULL = YES;
				CLANG_ANALYZER_NUMBER_OBJECT_CONVERSION = YES_AGGRESSIVE;
				CLANG_CXX_LANGUAGE_STANDARD = "gnu++14";
				CLANG_CXX_LIBRARY = "libc++";
				CLANG_ENABLE_MODULES = YES;
				CLANG_ENABLE_OBJC_ARC = YES;
				CLANG_ENABLE_OBJC_WEAK = YES;
				CLANG_WARN_BLOCK_CAPTURE_AUTORELEASING = YES;
				CLANG_WARN_BOOL_CONVERSION = YES;
				CLANG_WARN_COMMA = YES;
				CLANG_WARN_CONSTANT_CONVERSION = YES;
				CLANG_WARN_DEPRECATED_OBJC_IMPLEMENTATIONS = YES;
				CLANG_WARN_DIRECT_OBJC_ISA_USAGE = YES_ERROR;
				CLANG_WARN_DOCUMENTATION_COMMENTS = YES;
				CLANG_WARN_EMPTY_BODY = YES;
				CLANG_WARN_ENUM_CONVERSION = YES;
				CLANG_WARN_INFINITE_RECURSION = YES;
				CLANG_WARN_INT_CONVERSION = YES;
				CLANG_WARN_NON_LITERAL_NULL_CONVERSION = YES;
				CLANG_WARN_OBJC_IMPLICIT_RETAIN_SELF = YES;
				CLANG_WARN_OBJC_LITERAL_CONVERSION = YES;
				CLANG_WARN_OBJC_ROOT_CLASS = YES_ERROR;
				CLANG_WARN_RANGE_LOOP_ANALYSIS = YES;
				CLANG_WARN_STRICT_PROTOTYPES = YES;
				CLANG_WARN_SUSPICIOUS_MOVE = YES;
				CLANG_WARN_UNGUARDED_AVAILABILITY = YES_AGGRESSIVE;
				CLANG_WARN_UNREACHABLE_CODE = YES;
				CLANG_WARN__DUPLICATE_METHOD_MATCH = YES;
				COPY_PHASE_STRIP = NO;
				DEBUG_INFORMATION_FORMAT = dwarf;
				ENABLE_STRICT_OBJC_MSGSEND = YES;
				ENABLE_TESTABILITY = YES;
				GCC_C_LANGUAGE_STANDARD = gnu11;
				GCC_DYNAMIC_NO_PIC = NO;
				GCC_NO_COMMON_BLOCKS = YES;
				GCC_OPTIMIZATION_LEVEL = 0;
				GCC_PREPROCESSOR_DEFINITIONS = (
					"DEBUG=1",
					"$(inherited)",
				);
				GCC_WARN_64_TO_32_BIT_CONVERSION = YES;
				GCC_WARN_ABOUT_RETURN_TYPE = YES_ERROR;
				GCC_WARN_UNDECLARED_SELECTOR = YES;
				GCC_WARN_UNINITIALIZED_AUTOS = YES_AGGRESSIVE;
				GCC_WARN_UNUSED_FUNCTION = YES;
				GCC_WARN_UNUSED_VARIABLE = YES;
				INFOPLIST_FILE = "";
				INFOPLIST_PREPROCESS = NO;
				IPHONEOS_DEPLOYMENT_TARGET = 13.0;
				MTL_ENABLE_DEBUG_INFO = INCLUDE_SOURCE;
				MTL_FAST_MATH = YES;
				ONLY_ACTIVE_ARCH = YES;
				SDKROOT = iphoneos;
				SWIFT_ACTIVE_COMPILATION_CONDITIONS = DEBUG;
				SWIFT_OPTIMIZATION_LEVEL = "-Onone";
			};
			name = Debug;
		};
		1E550CEF2427D77D0016B912 /* Release */ = {
			isa = XCBuildConfiguration;
			buildSettings = {
				ALWAYS_SEARCH_USER_PATHS = NO;
				CLANG_ANALYZER_NONNULL = YES;
				CLANG_ANALYZER_NUMBER_OBJECT_CONVERSION = YES_AGGRESSIVE;
				CLANG_CXX_LANGUAGE_STANDARD = "gnu++14";
				CLANG_CXX_LIBRARY = "libc++";
				CLANG_ENABLE_MODULES = YES;
				CLANG_ENABLE_OBJC_ARC = YES;
				CLANG_ENABLE_OBJC_WEAK = YES;
				CLANG_WARN_BLOCK_CAPTURE_AUTORELEASING = YES;
				CLANG_WARN_BOOL_CONVERSION = YES;
				CLANG_WARN_COMMA = YES;
				CLANG_WARN_CONSTANT_CONVERSION = YES;
				CLANG_WARN_DEPRECATED_OBJC_IMPLEMENTATIONS = YES;
				CLANG_WARN_DIRECT_OBJC_ISA_USAGE = YES_ERROR;
				CLANG_WARN_DOCUMENTATION_COMMENTS = YES;
				CLANG_WARN_EMPTY_BODY = YES;
				CLANG_WARN_ENUM_CONVERSION = YES;
				CLANG_WARN_INFINITE_RECURSION = YES;
				CLANG_WARN_INT_CONVERSION = YES;
				CLANG_WARN_NON_LITERAL_NULL_CONVERSION = YES;
				CLANG_WARN_OBJC_IMPLICIT_RETAIN_SELF = YES;
				CLANG_WARN_OBJC_LITERAL_CONVERSION = YES;
				CLANG_WARN_OBJC_ROOT_CLASS = YES_ERROR;
				CLANG_WARN_RANGE_LOOP_ANALYSIS = YES;
				CLANG_WARN_STRICT_PROTOTYPES = YES;
				CLANG_WARN_SUSPICIOUS_MOVE = YES;
				CLANG_WARN_UNGUARDED_AVAILABILITY = YES_AGGRESSIVE;
				CLANG_WARN_UNREACHABLE_CODE = YES;
				CLANG_WARN__DUPLICATE_METHOD_MATCH = YES;
				COPY_PHASE_STRIP = NO;
				DEBUG_INFORMATION_FORMAT = "dwarf-with-dsym";
				ENABLE_NS_ASSERTIONS = NO;
				ENABLE_STRICT_OBJC_MSGSEND = YES;
				GCC_C_LANGUAGE_STANDARD = gnu11;
				GCC_NO_COMMON_BLOCKS = YES;
				GCC_WARN_64_TO_32_BIT_CONVERSION = YES;
				GCC_WARN_ABOUT_RETURN_TYPE = YES_ERROR;
				GCC_WARN_UNDECLARED_SELECTOR = YES;
				GCC_WARN_UNINITIALIZED_AUTOS = YES_AGGRESSIVE;
				GCC_WARN_UNUSED_FUNCTION = YES;
				GCC_WARN_UNUSED_VARIABLE = YES;
				INFOPLIST_FILE = "";
				INFOPLIST_PREPROCESS = NO;
				IPHONEOS_DEPLOYMENT_TARGET = 13.0;
				MTL_ENABLE_DEBUG_INFO = NO;
				MTL_FAST_MATH = YES;
				SDKROOT = iphoneos;
				SWIFT_COMPILATION_MODE = wholemodule;
				SWIFT_OPTIMIZATION_LEVEL = "-O";
				VALIDATE_PRODUCT = YES;
			};
			name = Release;
		};
		1E550CF12427D77D0016B912 /* Debug */ = {
			isa = XCBuildConfiguration;
			buildSettings = {
				ASSETCATALOG_COMPILER_APPICON_NAME = AppIcon;
				CODE_SIGN_IDENTITY = "Apple Development";
				CODE_SIGN_STYLE = Automatic;
				DEVELOPMENT_TEAM = 7YRZDEQNDT;
				INFOPLIST_FILE = "Reddit Top/Resources/Info.plist";
				LD_RUNPATH_SEARCH_PATHS = (
					"$(inherited)",
					"@executable_path/Frameworks",
				);
				PRODUCT_BUNDLE_IDENTIFIER = test.module;
				PRODUCT_NAME = "$(TARGET_NAME)";
				PROVISIONING_PROFILE_SPECIFIER = "";
				SWIFT_VERSION = 5.0;
				TARGETED_DEVICE_FAMILY = 1;
			};
			name = Debug;
		};
		1E550CF22427D77D0016B912 /* Release */ = {
			isa = XCBuildConfiguration;
			buildSettings = {
				ASSETCATALOG_COMPILER_APPICON_NAME = AppIcon;
				CODE_SIGN_IDENTITY = "Apple Development";
				CODE_SIGN_STYLE = Automatic;
				DEVELOPMENT_TEAM = 7YRZDEQNDT;
				INFOPLIST_FILE = "Reddit Top/Resources/Info.plist";
				LD_RUNPATH_SEARCH_PATHS = (
					"$(inherited)",
					"@executable_path/Frameworks",
				);
				PRODUCT_BUNDLE_IDENTIFIER = test.module;
				PRODUCT_NAME = "$(TARGET_NAME)";
				PROVISIONING_PROFILE_SPECIFIER = "";
				SWIFT_VERSION = 5.0;
				TARGETED_DEVICE_FAMILY = 1;
			};
			name = Release;
		};
		1E550CF42427D77D0016B912 /* Debug */ = {
			isa = XCBuildConfiguration;
			buildSettings = {
				ALWAYS_EMBED_SWIFT_STANDARD_LIBRARIES = YES;
				BUNDLE_LOADER = "$(TEST_HOST)";
				CODE_SIGN_STYLE = Automatic;
				DEVELOPMENT_TEAM = 8JEXR44V49;
				INFOPLIST_FILE = "Reddit TopTests/Info.plist";
				IPHONEOS_DEPLOYMENT_TARGET = 13.2;
				LD_RUNPATH_SEARCH_PATHS = (
					"$(inherited)",
					"@executable_path/Frameworks",
					"@loader_path/Frameworks",
				);
				PRODUCT_BUNDLE_IDENTIFIER = "top.reddit.redevua.Reddit-TopTests";
				PRODUCT_NAME = "$(TARGET_NAME)";
				SWIFT_VERSION = 5.0;
				TARGETED_DEVICE_FAMILY = "1,2";
				TEST_HOST = "$(BUILT_PRODUCTS_DIR)/Reddit Top.app/Reddit Top";
			};
			name = Debug;
		};
		1E550CF52427D77D0016B912 /* Release */ = {
			isa = XCBuildConfiguration;
			buildSettings = {
				ALWAYS_EMBED_SWIFT_STANDARD_LIBRARIES = YES;
				BUNDLE_LOADER = "$(TEST_HOST)";
				CODE_SIGN_STYLE = Automatic;
				DEVELOPMENT_TEAM = 8JEXR44V49;
				INFOPLIST_FILE = "Reddit TopTests/Info.plist";
				IPHONEOS_DEPLOYMENT_TARGET = 13.2;
				LD_RUNPATH_SEARCH_PATHS = (
					"$(inherited)",
					"@executable_path/Frameworks",
					"@loader_path/Frameworks",
				);
				PRODUCT_BUNDLE_IDENTIFIER = "top.reddit.redevua.Reddit-TopTests";
				PRODUCT_NAME = "$(TARGET_NAME)";
				SWIFT_VERSION = 5.0;
				TARGETED_DEVICE_FAMILY = "1,2";
				TEST_HOST = "$(BUILT_PRODUCTS_DIR)/Reddit Top.app/Reddit Top";
			};
			name = Release;
		};
		1E550CF72427D77D0016B912 /* Debug */ = {
			isa = XCBuildConfiguration;
			buildSettings = {
				ALWAYS_EMBED_SWIFT_STANDARD_LIBRARIES = YES;
				CODE_SIGN_STYLE = Automatic;
				DEVELOPMENT_TEAM = 8JEXR44V49;
				INFOPLIST_FILE = "Reddit TopUITests/Info.plist";
				LD_RUNPATH_SEARCH_PATHS = (
					"$(inherited)",
					"@executable_path/Frameworks",
					"@loader_path/Frameworks",
				);
				PRODUCT_BUNDLE_IDENTIFIER = "top.reddit.redevua.Reddit-TopUITests";
				PRODUCT_NAME = "$(TARGET_NAME)";
				SWIFT_VERSION = 5.0;
				TARGETED_DEVICE_FAMILY = "1,2";
				TEST_TARGET_NAME = "Reddit Top";
			};
			name = Debug;
		};
		1E550CF82427D77D0016B912 /* Release */ = {
			isa = XCBuildConfiguration;
			buildSettings = {
				ALWAYS_EMBED_SWIFT_STANDARD_LIBRARIES = YES;
				CODE_SIGN_STYLE = Automatic;
				DEVELOPMENT_TEAM = 8JEXR44V49;
				INFOPLIST_FILE = "Reddit TopUITests/Info.plist";
				LD_RUNPATH_SEARCH_PATHS = (
					"$(inherited)",
					"@executable_path/Frameworks",
					"@loader_path/Frameworks",
				);
				PRODUCT_BUNDLE_IDENTIFIER = "top.reddit.redevua.Reddit-TopUITests";
				PRODUCT_NAME = "$(TARGET_NAME)";
				SWIFT_VERSION = 5.0;
				TARGETED_DEVICE_FAMILY = "1,2";
				TEST_TARGET_NAME = "Reddit Top";
			};
			name = Release;
		};
/* End XCBuildConfiguration section */

/* Begin XCConfigurationList section */
		1E550CC12427D77B0016B912 /* Build configuration list for PBXProject "Reddit Top" */ = {
			isa = XCConfigurationList;
			buildConfigurations = (
				1E550CEE2427D77D0016B912 /* Debug */,
				1E550CEF2427D77D0016B912 /* Release */,
			);
			defaultConfigurationIsVisible = 0;
			defaultConfigurationName = Release;
		};
		1E550CF02427D77D0016B912 /* Build configuration list for PBXNativeTarget "Reddit Top" */ = {
			isa = XCConfigurationList;
			buildConfigurations = (
				1E550CF12427D77D0016B912 /* Debug */,
				1E550CF22427D77D0016B912 /* Release */,
			);
			defaultConfigurationIsVisible = 0;
			defaultConfigurationName = Release;
		};
		1E550CF32427D77D0016B912 /* Build configuration list for PBXNativeTarget "Reddit TopTests" */ = {
			isa = XCConfigurationList;
			buildConfigurations = (
				1E550CF42427D77D0016B912 /* Debug */,
				1E550CF52427D77D0016B912 /* Release */,
			);
			defaultConfigurationIsVisible = 0;
			defaultConfigurationName = Release;
		};
		1E550CF62427D77D0016B912 /* Build configuration list for PBXNativeTarget "Reddit TopUITests" */ = {
			isa = XCConfigurationList;
			buildConfigurations = (
				1E550CF72427D77D0016B912 /* Debug */,
				1E550CF82427D77D0016B912 /* Release */,
			);
			defaultConfigurationIsVisible = 0;
			defaultConfigurationName = Release;
		};
/* End XCConfigurationList section */
	};
	rootObject = 1E550CBE2427D77B0016B912 /* Project object */;
}
